<?xml version="1.0"?>
<Project ToolsVersion="4.0" xmlns="http://schemas.microsoft.com/developer/msbuild/2003">
	<ItemGroup>
		<ClCompile Include="src\ofApp.cpp">
			<Filter>src</Filter>
		</ClCompile>
		<ClCompile Include="src\main.cpp">
			<Filter>src</Filter>
		</ClCompile>
		<ClCompile Include="..\..\ofxImGui\src\BaseEngine.cpp">
			<Filter>addons\ofxImGui\src</Filter>
		</ClCompile>
		<ClCompile Include="..\..\ofxImGui\src\DefaultTheme.cpp">
			<Filter>addons\ofxImGui\src</Filter>
		</ClCompile>
		<ClCompile Include="..\..\ofxImGui\src\EngineGLFW.cpp">
			<Filter>addons\ofxImGui\src</Filter>
		</ClCompile>
		<ClCompile Include="..\..\ofxImGui\src\EngineOpenFrameworks.cpp">
			<Filter>addons\ofxImGui\src</Filter>
		</ClCompile>
		<ClCompile Include="..\..\ofxImGui\src\EngineOpenGLES.cpp">
			<Filter>addons\ofxImGui\src</Filter>
		</ClCompile>
		<ClCompile Include="..\..\ofxImGui\src\Gui.cpp">
			<Filter>addons\ofxImGui\src</Filter>
		</ClCompile>
		<ClCompile Include="..\..\ofxImGui\src\GuiEventHelper.cpp">
			<Filter>addons\ofxImGui\src</Filter>
		</ClCompile>
		<ClCompile Include="..\..\ofxImGui\src\ImHelpers.cpp">
			<Filter>addons\ofxImGui\src</Filter>
		</ClCompile>
		<ClCompile Include="..\..\ofxImGui\src\ofxImGuiLoggerChannel.cpp">
			<Filter>addons\ofxImGui\src</Filter>
		</ClCompile>
		<ClCompile Include="..\..\ofxImGui\libs\imgui\backends\imgui_impl_glfw.cpp">
			<Filter>addons\ofxImGui\libs\imgui\backends</Filter>
		</ClCompile>
		<ClCompile Include="..\..\ofxImGui\libs\imgui\backends\imgui_impl_glfw_context_support.cpp">
			<Filter>addons\ofxImGui\libs\imgui\backends</Filter>
		</ClCompile>
		<ClCompile Include="..\..\ofxImGui\libs\imgui\backends\imgui_impl_opengl2.cpp">
			<Filter>addons\ofxImGui\libs\imgui\backends</Filter>
		</ClCompile>
		<ClCompile Include="..\..\ofxImGui\libs\imgui\backends\imgui_impl_opengl3.cpp">
			<Filter>addons\ofxImGui\libs\imgui\backends</Filter>
		</ClCompile>
		<ClCompile Include="..\..\ofxImGui\libs\imgui\extras\imgui_stdlib.cpp">
			<Filter>addons\ofxImGui\libs\imgui\extras</Filter>
		</ClCompile>
		<ClCompile Include="..\..\ofxImGui\libs\imgui\src\imgui.cpp">
			<Filter>addons\ofxImGui\libs\imgui\src</Filter>
		</ClCompile>
		<ClCompile Include="..\..\ofxImGui\libs\imgui\src\imgui_demo.cpp">
			<Filter>addons\ofxImGui\libs\imgui\src</Filter>
		</ClCompile>
		<ClCompile Include="..\..\ofxImGui\libs\imgui\src\imgui_draw.cpp">
			<Filter>addons\ofxImGui\libs\imgui\src</Filter>
		</ClCompile>
		<ClCompile Include="..\..\ofxImGui\libs\imgui\src\imgui_tables.cpp">
			<Filter>addons\ofxImGui\libs\imgui\src</Filter>
		</ClCompile>
		<ClCompile Include="..\..\ofxImGui\libs\imgui\src\imgui_widgets.cpp">
			<Filter>addons\ofxImGui\libs\imgui\src</Filter>
		</ClCompile>
		<ClCompile Include="..\src\core\ofxStableDiffusionModelManager.cpp">
			<Filter>addons\ofxStableDiffusion\src\core</Filter>
		</ClCompile>
		<ClCompile Include="..\src\core\ofxStableDiffusionProgressTracker.cpp">
			<Filter>addons\ofxStableDiffusion\src\core</Filter>
		</ClCompile>
		<ClCompile Include="..\src\core\ofxStableDiffusionQueue.cpp">
			<Filter>addons\ofxStableDiffusion\src\core</Filter>
		</ClCompile>
		<ClCompile Include="..\src\ofxStableDiffusion.cpp">
			<Filter>addons\ofxStableDiffusion\src</Filter>
		</ClCompile>
		<ClCompile Include="..\src\ofxStableDiffusionThread.cpp">
			<Filter>addons\ofxStableDiffusion\src</Filter>
		</ClCompile>
		<ClCompile Include="..\src\bridges\ofxStableDiffusionHoloscanBridge.cpp">
			<Filter>addons\ofxStableDiffusion\src\bridges</Filter>
		</ClCompile>
		<ClCompile Include="..\src\video\ofxStableDiffusionVideo.cpp">
			<Filter>addons\ofxStableDiffusion\src\video</Filter>
		</ClCompile>
	</ItemGroup>
	<ItemGroup>
		<Filter Include="src">
			<UniqueIdentifier>{d8376475-7454-4a24-b08a-aac121d3ad6f}</UniqueIdentifier>
		</Filter>
		<Filter Include="addons">
			<UniqueIdentifier>{4785AE1E--056-7-4C-F3-9-D24-FE5B059C4475}</UniqueIdentifier>
		</Filter>
		<Filter Include="addons\ofxImGui">
			<UniqueIdentifier>{1DCAC22C--DB4-1-44-26-9-5AB-93569914208F}</UniqueIdentifier>
		</Filter>
		<Filter Include="addons\ofxImGui\src">
			<UniqueIdentifier>{79337F14--DBC-7-47-F4-A-91E-3DBD6082425D}</UniqueIdentifier>
		</Filter>
		<Filter Include="addons\ofxImGui\libs">
			<UniqueIdentifier>{BCBBCA9B--B1F-A-4C-F8-B-753-7F9E13CCDC3D}</UniqueIdentifier>
		</Filter>
		<Filter Include="addons\ofxImGui\libs\imgui">
			<UniqueIdentifier>{F5588A7F--322-B-4D-B8-9-B7D-4751AA0C829B}</UniqueIdentifier>
		</Filter>
		<Filter Include="addons\ofxImGui\libs\imgui\backends">
			<UniqueIdentifier>{F7CE7A04--88A-F-4C-31-A-A6B-7AD32BA6DD73}</UniqueIdentifier>
		</Filter>
		<Filter Include="addons\ofxImGui\libs\imgui\extras">
			<UniqueIdentifier>{10D4CA78--9E8-D-48-F4-9-FBA-1E7F463119A2}</UniqueIdentifier>
		</Filter>
		<Filter Include="addons\ofxImGui\libs\imgui\src">
			<UniqueIdentifier>{8626B486--A23-A-4B-12-A-4E4-2BFA90F44E9D}</UniqueIdentifier>
		</Filter>
		<Filter Include="addons\ofxStableDiffusion">
			<UniqueIdentifier>{056B5CAA--399-6-4F-38-9-321-C3B8B0B8276E}</UniqueIdentifier>
		</Filter>
		<Filter Include="addons\ofxStableDiffusion\src">
			<UniqueIdentifier>{14F36CAD--19D-0-46-82-9-A74-EC7D8B51A095}</UniqueIdentifier>
		</Filter>
		<Filter Include="addons\ofxStableDiffusion\src\core">
			<UniqueIdentifier>{2FE3D15B--329-2-47-BE-9-C2D-B8DCEDF5D1A9}</UniqueIdentifier>
		</Filter>
		<Filter Include="addons\ofxStableDiffusion\src\bridges">
			<UniqueIdentifier>{D70D5383-B778-4FFB-AB82-EA18B6042679}</UniqueIdentifier>
		</Filter>
		<Filter Include="addons\ofxStableDiffusion\src\video">
			<UniqueIdentifier>{CC7D5DFB--EAB-7-40-73-A-DAB-3C3E379CA7A9}</UniqueIdentifier>
		</Filter>
		<Filter Include="addons\ofxStableDiffusion\libs">
			<UniqueIdentifier>{9F86B795--D54-3-47-83-B-EA5-FDB121E5B74E}</UniqueIdentifier>
		</Filter>
		<Filter Include="addons\ofxStableDiffusion\libs\stable-diffusion">
			<UniqueIdentifier>{65EB3129--7F2-0-4D-C2-A-0DA-EEFDB5F7D7C8}</UniqueIdentifier>
		</Filter>
		<Filter Include="addons\ofxStableDiffusion\libs\stable-diffusion\include">
			<UniqueIdentifier>{A442FA2E--028-0-46-43-9-780-CBE59D4B2D96}</UniqueIdentifier>
		</Filter>
	</ItemGroup>
	<ItemGroup>
		<ClInclude Include="src\ofApp.h">
			<Filter>src</Filter>
		</ClInclude>
		<ClInclude Include="..\..\ofxImGui\src\BaseEngine.h">
			<Filter>addons\ofxImGui\src</Filter>
		</ClInclude>
		<ClInclude Include="..\..\ofxImGui\src\BaseTheme.h">
			<Filter>addons\ofxImGui\src</Filter>
		</ClInclude>
		<ClInclude Include="..\..\ofxImGui\src\DefaultTheme.h">
			<Filter>addons\ofxImGui\src</Filter>
		</ClInclude>
		<ClInclude Include="..\..\ofxImGui\src\EngineGLFW.h">
			<Filter>addons\ofxImGui\src</Filter>
		</ClInclude>
		<ClInclude Include="..\..\ofxImGui\src\EngineOpenFrameworks.h">
			<Filter>addons\ofxImGui\src</Filter>
		</ClInclude>
		<ClInclude Include="..\..\ofxImGui\src\EngineOpenGLES.h">
			<Filter>addons\ofxImGui\src</Filter>
		</ClInclude>
		<ClInclude Include="..\..\ofxImGui\src\EngineVk.h">
			<Filter>addons\ofxImGui\src</Filter>
		</ClInclude>
		<ClInclude Include="..\..\ofxImGui\src\gles1CompatibilityHacks.h">
			<Filter>addons\ofxImGui\src</Filter>
		</ClInclude>
		<ClInclude Include="..\..\ofxImGui\src\glfwCompatibilityHacks.h">
			<Filter>addons\ofxImGui\src</Filter>
		</ClInclude>
		<ClInclude Include="..\..\ofxImGui\src\Gui.h">
			<Filter>addons\ofxImGui\src</Filter>
		</ClInclude>
		<ClInclude Include="..\..\ofxImGui\src\GuiEventHelper.h">
			<Filter>addons\ofxImGui\src</Filter>
		</ClInclude>
		<ClInclude Include="..\..\ofxImGui\src\imconfig.h">
			<Filter>addons\ofxImGui\src</Filter>
		</ClInclude>
		<ClInclude Include="..\..\ofxImGui\src\ImHelpers.h">
			<Filter>addons\ofxImGui\src</Filter>
		</ClInclude>
		<ClInclude Include="..\..\ofxImGui\src\LinkedList.hpp">
			<Filter>addons\ofxImGui\src</Filter>
		</ClInclude>
		<ClInclude Include="..\..\ofxImGui\src\ofxImGui.h">
			<Filter>addons\ofxImGui\src</Filter>
		</ClInclude>
		<ClInclude Include="..\..\ofxImGui\src\ofxImGuiConstants.h">
			<Filter>addons\ofxImGui\src</Filter>
		</ClInclude>
		<ClInclude Include="..\..\ofxImGui\src\ofxImGuiLoggerChannel.h">
			<Filter>addons\ofxImGui\src</Filter>
		</ClInclude>
		<ClInclude Include="..\..\ofxImGui\libs\imgui\backends\imgui_impl_glfw.h">
			<Filter>addons\ofxImGui\libs\imgui\backends</Filter>
		</ClInclude>
		<ClInclude Include="..\..\ofxImGui\libs\imgui\backends\imgui_impl_glfw_arc_support.h">
			<Filter>addons\ofxImGui\libs\imgui\backends</Filter>
		</ClInclude>
		<ClInclude Include="..\..\ofxImGui\libs\imgui\backends\imgui_impl_glfw_context_support.h">
			<Filter>addons\ofxImGui\libs\imgui\backends</Filter>
		</ClInclude>
		<ClInclude Include="..\..\ofxImGui\libs\imgui\backends\imgui_impl_opengl2.h">
			<Filter>addons\ofxImGui\libs\imgui\backends</Filter>
		</ClInclude>
		<ClInclude Include="..\..\ofxImGui\libs\imgui\backends\imgui_impl_opengl3.h">
			<Filter>addons\ofxImGui\libs\imgui\backends</Filter>
		</ClInclude>
		<ClInclude Include="..\..\ofxImGui\libs\imgui\backends\imgui_impl_opengl3_loader.h">
			<Filter>addons\ofxImGui\libs\imgui\backends</Filter>
		</ClInclude>
		<ClInclude Include="..\..\ofxImGui\libs\imgui\extras\imgui_stdlib.h">
			<Filter>addons\ofxImGui\libs\imgui\extras</Filter>
		</ClInclude>
		<ClInclude Include="..\..\ofxImGui\libs\imgui\src\imgui.h">
			<Filter>addons\ofxImGui\libs\imgui\src</Filter>
		</ClInclude>
		<ClInclude Include="..\..\ofxImGui\libs\imgui\src\imgui_internal.h">
			<Filter>addons\ofxImGui\libs\imgui\src</Filter>
		</ClInclude>
		<ClInclude Include="..\..\ofxImGui\libs\imgui\src\imstb_rectpack.h">
			<Filter>addons\ofxImGui\libs\imgui\src</Filter>
		</ClInclude>
		<ClInclude Include="..\..\ofxImGui\libs\imgui\src\imstb_textedit.h">
			<Filter>addons\ofxImGui\libs\imgui\src</Filter>
		</ClInclude>
		<ClInclude Include="..\..\ofxImGui\libs\imgui\src\imstb_truetype.h">
			<Filter>addons\ofxImGui\libs\imgui\src</Filter>
		</ClInclude>
		<ClInclude Include="..\src\core\ofxStableDiffusionCapabilityHelpers.h">
			<Filter>addons\ofxStableDiffusion\src\core</Filter>
		</ClInclude>
		<ClInclude Include="..\src\core\ofxStableDiffusionEnums.h">
			<Filter>addons\ofxStableDiffusion\src\core</Filter>
		</ClInclude>
		<ClInclude Include="..\src\core\ofxStableDiffusionImageHelpers.h">
			<Filter>addons\ofxStableDiffusion\src\core</Filter>
		</ClInclude>
		<ClInclude Include="..\src\core\ofxStableDiffusionMemoryHelpers.h">
			<Filter>addons\ofxStableDiffusion\src\core</Filter>
		</ClInclude>
		<ClInclude Include="..\src\core\ofxStableDiffusionModelManager.h">
			<Filter>addons\ofxStableDiffusion\src\core</Filter>
		</ClInclude>
		<ClInclude Include="..\src\core\ofxStableDiffusionNativeAdapter.h">
			<Filter>addons\ofxStableDiffusion\src\core</Filter>
		</ClInclude>
		<ClInclude Include="..\src\core\ofxStableDiffusionParameterTuningHelpers.h">
			<Filter>addons\ofxStableDiffusion\src\core</Filter>
		</ClInclude>
		<ClInclude Include="..\src\core\ofxStableDiffusionProgressTracker.h">
			<Filter>addons\ofxStableDiffusion\src\core</Filter>
		</ClInclude>
		<ClInclude Include="..\src\core\ofxStableDiffusionQueue.h">
			<Filter>addons\ofxStableDiffusion\src\core</Filter>
		</ClInclude>
		<ClInclude Include="..\src\core\ofxStableDiffusionRankingHelpers.h">
			<Filter>addons\ofxStableDiffusion\src\core</Filter>
		</ClInclude>
		<ClInclude Include="..\src\core\ofxStableDiffusionTypes.h">
			<Filter>addons\ofxStableDiffusion\src\core</Filter>
		</ClInclude>
		<ClInclude Include="..\src\ofxStableDiffusion.h">
			<Filter>addons\ofxStableDiffusion\src</Filter>
		</ClInclude>
		<ClInclude Include="..\src\ofxStableDiffusionThread.h">
			<Filter>addons\ofxStableDiffusion\src</Filter>
		</ClInclude>
		<ClInclude Include="..\src\bridges\ofxStableDiffusionHoloscanBridge.h">
			<Filter>addons\ofxStableDiffusion\src\bridges</Filter>
		</ClInclude>
		<ClInclude Include="..\src\bridges\ofxStableDiffusionHoloscanTypes.h">
			<Filter>addons\ofxStableDiffusion\src\bridges</Filter>
		</ClInclude>
		<ClInclude Include="..\src\video\ofxStableDiffusionVideoAnimation.h">
			<Filter>addons\ofxStableDiffusion\src\video</Filter>
		</ClInclude>
		<ClInclude Include="..\src\video\ofxStableDiffusionVideoHelpers.h">
			<Filter>addons\ofxStableDiffusion\src\video</Filter>
		</ClInclude>
		<ClInclude Include="..\libs\stable-diffusion\include\stable-diffusion.h">
			<Filter>addons\ofxStableDiffusion\libs\stable-diffusion\include</Filter>
		</ClInclude>
	</ItemGroup>
	<ItemGroup>
		<ResourceCompile Include="icon.rc" />
	</ItemGroup>
</Project>
